schema: '2.0'
stages:
  data_ingestion:
    cmd: python src/data/data_ingestion.py
    deps:
    - path: src/data/data_ingestion.py
      hash: md5
      md5: 63cb5ec7befe96e1279ca7119a76b913
      size: 4007
    params:
      params.yaml:
        data_ingestion.test_size: 0.2
    outs:
    - path: data/raw
      hash: md5
      md5: 80a55f0381d5e1f971d52ae1bbe2b033.dir
      size: 89881195
      nfiles: 2
  data_preprocessing:
    cmd: python src/data/data_preprocessing.py
    deps:
    - path: data/raw/test.csv
      hash: md5
      md5: 9e83691d062d2e32886c13c8622269f8
      size: 17977941
    - path: data/raw/train.csv
      hash: md5
      md5: fdb42a4ba0dba84930aed2c76edc347e
      size: 71903254
    - path: src/data/data_preprocessing.py
      hash: md5
      md5: d785a89ca4b0cbd9637f70ded4c9f467
      size: 4459
    outs:
    - path: data/interim
      hash: md5
      md5: 5930b00000425aa882392d4391501ca2.dir
      size: 24169431
      nfiles: 2
  model_building:
    cmd: python src/model/model_building.py
    deps:
    - path: data\interim\train_processed.csv
      hash: md5
      md5: a458a67a0062170db3fdce05d765d37d
      size: 19331204
    - path: src/model/model_building.py
      hash: md5
      md5: 34b1e42e50863fa2fc82882fabf4cf73
      size: 5131
    params:
      params.yaml:
        model_building.learning_rate: 0.21
        model_building.max_depth: 5
        model_building.n_estimators: 1000
    outs:
    - path: xgb_model.pkl
      hash: md5
      md5: f6f6c52452791c57dfb9ddbe8c9b4168
      size: 2775932
  model_evaluation:
    cmd: python src/model/model_evaluation.py
    deps:
    - path: data/interim/test_processed.csv
      hash: md5
      md5: d8845868c43bd6a52bc7b352fd4f6eac
      size: 4838227
    - path: data/interim/train_processed.csv
      hash: md5
      md5: a458a67a0062170db3fdce05d765d37d
      size: 19331204
    - path: src/model/model_evaluation.py
      hash: md5
      md5: add5805426420ad7dcf6da2dd2135ab6
      size: 6706
    - path: xgb_model.pkl
      hash: md5
      md5: f6f6c52452791c57dfb9ddbe8c9b4168
      size: 2775932
    outs:
    - path: experiment_info.json
      hash: md5
      md5: 3c7a4be88bb9480e712e277fc39d947f
      size: 86
  model_registration:
    cmd: python src/model/register_model.py
    deps:
    - path: experiment_info.json
      hash: md5
      md5: 3c7a4be88bb9480e712e277fc39d947f
      size: 86
    - path: src/model/register_model.py
      hash: md5
      md5: d6fc87f0abc83c907d217cce2a5bdb01
      size: 2468
